// !$*UTF8*$!
{
	archiveVersion = 1;
	classes = {
	};
	objectVersion = 77;
	objects = {

/* Begin PBXBuildFile section */
		844FFCBA2E324ABB0032CF0E /* Swinject in Frameworks */ = {isa = PBXBuildFile; productRef = 844FFCB92E324ABB0032CF0E /* Swinject */; };
		844FFD202E3251C80032CF0E /* SwinjectAutoregistration in Frameworks */ = {isa = PBXBuildFile; productRef = 844FFD1F2E3251C80032CF0E /* SwinjectAutoregistration */; };
		849D8C062E339EFC00A7C19E /* ViewInspector in Frameworks */ = {isa = PBXBuildFile; productRef = 849D8C052E339EFC00A7C19E /* ViewInspector */; };
/* End PBXBuildFile section */

/* Begin PBXContainerItemProxy section */
		58C17A5C2E2DF2F200E96417 /* PBXContainerItemProxy */ = {
			isa = PBXContainerItemProxy;
			containerPortal = 58C17A462E2DF2F100E96417 /* Project object */;
			proxyType = 1;
			remoteGlobalIDString = 58C17A4D2E2DF2F100E96417;
			remoteInfo = KBMobileBankingInterviewTest;
		};
		58C17A662E2DF2F200E96417 /* PBXContainerItemProxy */ = {
			isa = PBXContainerItemProxy;
			containerPortal = 58C17A462E2DF2F100E96417 /* Project object */;
			proxyType = 1;
			remoteGlobalIDString = 58C17A4D2E2DF2F100E96417;
			remoteInfo = KBMobileBankingInterviewTest;
		};
/* End PBXContainerItemProxy section */

/* Begin PBXFileReference section */
		58C17A4E2E2DF2F100E96417 /* KBMobileBankingInterviewTest.app */ = {isa = PBXFileReference; explicitFileType = wrapper.application; includeInIndex = 0; path = KBMobileBankingInterviewTest.app; sourceTree = BUILT_PRODUCTS_DIR; };
		58C17A5B2E2DF2F200E96417 /* KBMobileBankingInterviewTestTests.xctest */ = {isa = PBXFileReference; explicitFileType = wrapper.cfbundle; includeInIndex = 0; path = KBMobileBankingInterviewTestTests.xctest; sourceTree = BUILT_PRODUCTS_DIR; };
		58C17A652E2DF2F200E96417 /* KBMobileBankingInterviewTestUITests.xctest */ = {isa = PBXFileReference; explicitFileType = wrapper.cfbundle; includeInIndex = 0; path = KBMobileBankingInterviewTestUITests.xctest; sourceTree = BUILT_PRODUCTS_DIR; };
		58C17A952E2E05AA00E96417 /* Readme.md */ = {isa = PBXFileReference; lastKnownFileType = net.daringfireball.markdown; path = Readme.md; sourceTree = "<group>"; };
		58C17A962E2E07B100E96417 /* Example 1.png */ = {isa = PBXFileReference; lastKnownFileType = image.png; path = "Example 1.png"; sourceTree = "<group>"; };
		58C17A972E2E07B100E96417 /* Example 2.png */ = {isa = PBXFileReference; lastKnownFileType = image.png; path = "Example 2.png"; sourceTree = "<group>"; };
/* End PBXFileReference section */

/* Begin PBXFileSystemSynchronizedBuildFileExceptionSet section */
		849D8BF72E3376A300A7C19E /* Exceptions for "KBMobileBankingInterviewTestTests" folder in "KBMobileBankingInterviewTest" target */ = {
			isa = PBXFileSystemSynchronizedBuildFileExceptionSet;
			membershipExceptions = (
				KBMockResponse.json,
			);
			target = 58C17A4D2E2DF2F100E96417 /* KBMobileBankingInterviewTest */;
		};
		849D8BF82E3376A300A7C19E /* Exceptions for "KBMobileBankingInterviewTestTests" folder in "KBMobileBankingInterviewTestUITests" target */ = {
			isa = PBXFileSystemSynchronizedBuildFileExceptionSet;
			membershipExceptions = (
				KBMockResponse.json,
			);
			target = 58C17A642E2DF2F200E96417 /* KBMobileBankingInterviewTestUITests */;
		};
/* End PBXFileSystemSynchronizedBuildFileExceptionSet section */

/* Begin PBXFileSystemSynchronizedRootGroup section */
		58C17A502E2DF2F100E96417 /* KBMobileBankingInterviewTest */ = {
			isa = PBXFileSystemSynchronizedRootGroup;
			path = KBMobileBankingInterviewTest;
			sourceTree = "<group>";
		};
		58C17A5E2E2DF2F200E96417 /* KBMobileBankingInterviewTestTests */ = {
			isa = PBXFileSystemSynchronizedRootGroup;
			exceptions = (
				849D8BF72E3376A300A7C19E /* Exceptions for "KBMobileBankingInterviewTestTests" folder in "KBMobileBankingInterviewTest" target */,
				849D8BF82E3376A300A7C19E /* Exceptions for "KBMobileBankingInterviewTestTests" folder in "KBMobileBankingInterviewTestUITests" target */,
			);
			path = KBMobileBankingInterviewTestTests;
			sourceTree = "<group>";
		};
		58C17A682E2DF2F200E96417 /* KBMobileBankingInterviewTestUITests */ = {
			isa = PBXFileSystemSynchronizedRootGroup;
			path = KBMobileBankingInterviewTestUITests;
			sourceTree = "<group>";
		};
/* End PBXFileSystemSynchronizedRootGroup section */

/* Begin PBXFrameworksBuildPhase section */
		58C17A4B2E2DF2F100E96417 /* Frameworks */ = {
			isa = PBXFrameworksBuildPhase;
			buildActionMask = 2147483647;
			files = (
				844FFCBA2E324ABB0032CF0E /* Swinject in Frameworks */,
				844FFD202E3251C80032CF0E /* SwinjectAutoregistration in Frameworks */,
			);
			runOnlyForDeploymentPostprocessing = 0;
		};
		58C17A582E2DF2F200E96417 /* Frameworks */ = {
			isa = PBXFrameworksBuildPhase;
			buildActionMask = 2147483647;
			files = (
				849D8C062E339EFC00A7C19E /* ViewInspector in Frameworks */,
			);
			runOnlyForDeploymentPostprocessing = 0;
		};
		58C17A622E2DF2F200E96417 /* Frameworks */ = {
			isa = PBXFrameworksBuildPhase;
			buildActionMask = 2147483647;
			files = (
			);
			runOnlyForDeploymentPostprocessing = 0;
		};
/* End PBXFrameworksBuildPhase section */

/* Begin PBXGroup section */
		58C17A452E2DF2F100E96417 = {
			isa = PBXGroup;
			children = (
				58C17A502E2DF2F100E96417 /* KBMobileBankingInterviewTest */,
				58C17A5E2E2DF2F200E96417 /* KBMobileBankingInterviewTestTests */,
				58C17A682E2DF2F200E96417 /* KBMobileBankingInterviewTestUITests */,
				58C17A4F2E2DF2F100E96417 /* Products */,
				58C17A952E2E05AA00E96417 /* Readme.md */,
				58C17A962E2E07B100E96417 /* Example 1.png */,
				58C17A972E2E07B100E96417 /* Example 2.png */,
			);
			sourceTree = "<group>";
		};
		58C17A4F2E2DF2F100E96417 /* Products */ = {
			isa = PBXGroup;
			children = (
				58C17A4E2E2DF2F100E96417 /* KBMobileBankingInterviewTest.app */,
				58C17A5B2E2DF2F200E96417 /* KBMobileBankingInterviewTestTests.xctest */,
				58C17A652E2DF2F200E96417 /* KBMobileBankingInterviewTestUITests.xctest */,
			);
			name = Products;
			sourceTree = "<group>";
		};
/* End PBXGroup section */

/* Begin PBXNativeTarget section */
		58C17A4D2E2DF2F100E96417 /* KBMobileBankingInterviewTest */ = {
			isa = PBXNativeTarget;
			buildConfigurationList = 58C17A6F2E2DF2F200E96417 /* Build configuration list for PBXNativeTarget "KBMobileBankingInterviewTest" */;
			buildPhases = (
				58C17A4A2E2DF2F100E96417 /* Sources */,
				58C17A4B2E2DF2F100E96417 /* Frameworks */,
				58C17A4C2E2DF2F100E96417 /* Resources */,
				8454158D2E330B5700273EB2 /* SwiftLint */,
			);
			buildRules = (
			);
			dependencies = (
			);
			fileSystemSynchronizedGroups = (
				58C17A502E2DF2F100E96417 /* KBMobileBankingInterviewTest */,
			);
			name = KBMobileBankingInterviewTest;
			packageProductDependencies = (
				844FFCB92E324ABB0032CF0E /* Swinject */,
				844FFD1F2E3251C80032CF0E /* SwinjectAutoregistration */,
			);
			productName = KBMobileBankingInterviewTest;
			productReference = 58C17A4E2E2DF2F100E96417 /* KBMobileBankingInterviewTest.app */;
			productType = "com.apple.product-type.application";
		};
		58C17A5A2E2DF2F200E96417 /* KBMobileBankingInterviewTestTests */ = {
			isa = PBXNativeTarget;
			buildConfigurationList = 58C17A722E2DF2F200E96417 /* Build configuration list for PBXNativeTarget "KBMobileBankingInterviewTestTests" */;
			buildPhases = (
				58C17A572E2DF2F200E96417 /* Sources */,
				58C17A582E2DF2F200E96417 /* Frameworks */,
				58C17A592E2DF2F200E96417 /* Resources */,
			);
			buildRules = (
			);
			dependencies = (
				58C17A5D2E2DF2F200E96417 /* PBXTargetDependency */,
			);
			fileSystemSynchronizedGroups = (
				58C17A5E2E2DF2F200E96417 /* KBMobileBankingInterviewTestTests */,
			);
			name = KBMobileBankingInterviewTestTests;
			packageProductDependencies = (
				849D8C052E339EFC00A7C19E /* ViewInspector */,
			);
			productName = KBMobileBankingInterviewTestTests;
			productReference = 58C17A5B2E2DF2F200E96417 /* KBMobileBankingInterviewTestTests.xctest */;
			productType = "com.apple.product-type.bundle.unit-test";
		};
		58C17A642E2DF2F200E96417 /* KBMobileBankingInterviewTestUITests */ = {
			isa = PBXNativeTarget;
			buildConfigurationList = 58C17A752E2DF2F200E96417 /* Build configuration list for PBXNativeTarget "KBMobileBankingInterviewTestUITests" */;
			buildPhases = (
				58C17A612E2DF2F200E96417 /* Sources */,
				58C17A622E2DF2F200E96417 /* Frameworks */,
				58C17A632E2DF2F200E96417 /* Resources */,
			);
			buildRules = (
			);
			dependencies = (
				58C17A672E2DF2F200E96417 /* PBXTargetDependency */,
			);
			fileSystemSynchronizedGroups = (
				58C17A682E2DF2F200E96417 /* KBMobileBankingInterviewTestUITests */,
			);
			name = KBMobileBankingInterviewTestUITests;
			packageProductDependencies = (
			);
			productName = KBMobileBankingInterviewTestUITests;
			productReference = 58C17A652E2DF2F200E96417 /* KBMobileBankingInterviewTestUITests.xctest */;
			productType = "com.apple.product-type.bundle.ui-testing";
		};
/* End PBXNativeTarget section */

/* Begin PBXProject section */
		58C17A462E2DF2F100E96417 /* Project object */ = {
			isa = PBXProject;
			attributes = {
				BuildIndependentTargetsInParallel = 1;
				LastSwiftUpdateCheck = 1630;
				LastUpgradeCheck = 1630;
				TargetAttributes = {
					58C17A4D2E2DF2F100E96417 = {
						CreatedOnToolsVersion = 16.3;
					};
					58C17A5A2E2DF2F200E96417 = {
						CreatedOnToolsVersion = 16.3;
						TestTargetID = 58C17A4D2E2DF2F100E96417;
					};
					58C17A642E2DF2F200E96417 = {
						CreatedOnToolsVersion = 16.3;
						TestTargetID = 58C17A4D2E2DF2F100E96417;
					};
				};
			};
			buildConfigurationList = 58C17A492E2DF2F100E96417 /* Build configuration list for PBXProject "KBMobileBankingInterviewTest" */;
			developmentRegion = en;
			hasScannedForEncodings = 0;
			knownRegions = (
				en,
				Base,
			);
			mainGroup = 58C17A452E2DF2F100E96417;
			minimizedProjectReferenceProxies = 1;
			packageReferences = (
				844FFCB82E324ABB0032CF0E /* XCRemoteSwiftPackageReference "Swinject" */,
				844FFD0D2E324C700032CF0E /* XCRemoteSwiftPackageReference "SwiftLintPlugins" */,
				844FFD1E2E3251C80032CF0E /* XCRemoteSwiftPackageReference "SwinjectAutoregistration" */,
				849D8C042E339EFC00A7C19E /* XCRemoteSwiftPackageReference "ViewInspector" */,
			);
			preferredProjectObjectVersion = 77;
			productRefGroup = 58C17A4F2E2DF2F100E96417 /* Products */;
			projectDirPath = "";
			projectRoot = "";
			targets = (
				58C17A4D2E2DF2F100E96417 /* KBMobileBankingInterviewTest */,
				58C17A5A2E2DF2F200E96417 /* KBMobileBankingInterviewTestTests */,
				58C17A642E2DF2F200E96417 /* KBMobileBankingInterviewTestUITests */,
			);
		};
/* End PBXProject section */

/* Begin PBXResourcesBuildPhase section */
		58C17A4C2E2DF2F100E96417 /* Resources */ = {
			isa = PBXResourcesBuildPhase;
			buildActionMask = 2147483647;
			files = (
			);
			runOnlyForDeploymentPostprocessing = 0;
		};
		58C17A592E2DF2F200E96417 /* Resources */ = {
			isa = PBXResourcesBuildPhase;
			buildActionMask = 2147483647;
			files = (
			);
			runOnlyForDeploymentPostprocessing = 0;
		};
		58C17A632E2DF2F200E96417 /* Resources */ = {
			isa = PBXResourcesBuildPhase;
			buildActionMask = 2147483647;
			files = (
			);
			runOnlyForDeploymentPostprocessing = 0;
		};
/* End PBXResourcesBuildPhase section */

/* Begin PBXShellScriptBuildPhase section */
		8454158D2E330B5700273EB2 /* SwiftLint */ = {
			isa = PBXShellScriptBuildPhase;
			alwaysOutOfDate = 1;
			buildActionMask = 2147483647;
			files = (
			);
			inputFileListPaths = (
			);
			inputPaths = (
			);
			name = SwiftLint;
			outputFileListPaths = (
			);
			outputPaths = (
			);
			runOnlyForDeploymentPostprocessing = 0;
			shellPath = /bin/sh;
			shellScript = "if which swiftlint >/dev/null; then\n  swiftlint\nelse\n  echo \"warning: SwiftLint not installed, download from https://github.com/realm/SwiftLint\"\nfi\n";
		};
/* End PBXShellScriptBuildPhase section */

/* Begin PBXSourcesBuildPhase section */
		58C17A4A2E2DF2F100E96417 /* Sources */ = {
			isa = PBXSourcesBuildPhase;
			buildActionMask = 2147483647;
			files = (
			);
			runOnlyForDeploymentPostprocessing = 0;
		};
		58C17A572E2DF2F200E96417 /* Sources */ = {
			isa = PBXSourcesBuildPhase;
			buildActionMask = 2147483647;
			files = (
			);
			runOnlyForDeploymentPostprocessing = 0;
		};
		58C17A612E2DF2F200E96417 /* Sources */ = {
			isa = PBXSourcesBuildPhase;
			buildActionMask = 2147483647;
			files = (
			);
			runOnlyForDeploymentPostprocessing = 0;
		};
/* End PBXSourcesBuildPhase section */

/* Begin PBXTargetDependency section */
		58C17A5D2E2DF2F200E96417 /* PBXTargetDependency */ = {
			isa = PBXTargetDependency;
			target = 58C17A4D2E2DF2F100E96417 /* KBMobileBankingInterviewTest */;
			targetProxy = 58C17A5C2E2DF2F200E96417 /* PBXContainerItemProxy */;
		};
		58C17A672E2DF2F200E96417 /* PBXTargetDependency */ = {
			isa = PBXTargetDependency;
			target = 58C17A4D2E2DF2F100E96417 /* KBMobileBankingInterviewTest */;
			targetProxy = 58C17A662E2DF2F200E96417 /* PBXContainerItemProxy */;
		};
/* End PBXTargetDependency section */

/* Begin XCBuildConfiguration section */
		58C17A6D2E2DF2F200E96417 /* Debug */ = {
			isa = XCBuildConfiguration;
			buildSettings = {
				ALWAYS_SEARCH_USER_PATHS = NO;
				ASSETCATALOG_COMPILER_GENERATE_SWIFT_ASSET_SYMBOL_EXTENSIONS = YES;
				CLANG_ANALYZER_NONNULL = YES;
				CLANG_ANALYZER_NUMBER_OBJECT_CONVERSION = YES_AGGRESSIVE;
				CLANG_CXX_LANGUAGE_STANDARD = "gnu++20";
				CLANG_ENABLE_MODULES = YES;
				CLANG_ENABLE_OBJC_ARC = YES;
				CLANG_ENABLE_OBJC_WEAK = YES;
				CLANG_WARN_BLOCK_CAPTURE_AUTORELEASING = YES;
				CLANG_WARN_BOOL_CONVERSION = YES;
				CLANG_WARN_COMMA = YES;
				CLANG_WARN_CONSTANT_CONVERSION = YES;
				CLANG_WARN_DEPRECATED_OBJC_IMPLEMENTATIONS = YES;
				CLANG_WARN_DIRECT_OBJC_ISA_USAGE = YES_ERROR;
				CLANG_WARN_DOCUMENTATION_COMMENTS = YES;
				CLANG_WARN_EMPTY_BODY = YES;
				CLANG_WARN_ENUM_CONVERSION = YES;
				CLANG_WARN_INFINITE_RECURSION = YES;
				CLANG_WARN_INT_CONVERSION = YES;
				CLANG_WARN_NON_LITERAL_NULL_CONVERSION = YES;
				CLANG_WARN_OBJC_IMPLICIT_RETAIN_SELF = YES;
				CLANG_WARN_OBJC_LITERAL_CONVERSION = YES;
				CLANG_WARN_OBJC_ROOT_CLASS = YES_ERROR;
				CLANG_WARN_QUOTED_INCLUDE_IN_FRAMEWORK_HEADER = YES;
				CLANG_WARN_RANGE_LOOP_ANALYSIS = YES;
				CLANG_WARN_STRICT_PROTOTYPES = YES;
				CLANG_WARN_SUSPICIOUS_MOVE = YES;
				CLANG_WARN_UNGUARDED_AVAILABILITY = YES_AGGRESSIVE;
				CLANG_WARN_UNREACHABLE_CODE = YES;
				CLANG_WARN__DUPLICATE_METHOD_MATCH = YES;
				COPY_PHASE_STRIP = NO;
				DEBUG_INFORMATION_FORMAT = dwarf;
				ENABLE_STRICT_OBJC_MSGSEND = YES;
				ENABLE_TESTABILITY = YES;
				ENABLE_USER_SCRIPT_SANDBOXING = NO;
				GCC_C_LANGUAGE_STANDARD = gnu17;
				GCC_DYNAMIC_NO_PIC = NO;
				GCC_NO_COMMON_BLOCKS = YES;
				GCC_OPTIMIZATION_LEVEL = 0;
				GCC_PREPROCESSOR_DEFINITIONS = (
					"DEBUG=1",
					"$(inherited)",
				);
				GCC_WARN_64_TO_32_BIT_CONVERSION = YES;
				GCC_WARN_ABOUT_RETURN_TYPE = YES_ERROR;
				GCC_WARN_UNDECLARED_SELECTOR = YES;
				GCC_WARN_UNINITIALIZED_AUTOS = YES_AGGRESSIVE;
				GCC_WARN_UNUSED_FUNCTION = YES;
				GCC_WARN_UNUSED_VARIABLE = YES;
				IPHONEOS_DEPLOYMENT_TARGET = 18.4;
				LOCALIZATION_PREFERS_STRING_CATALOGS = YES;
				MTL_ENABLE_DEBUG_INFO = INCLUDE_SOURCE;
				MTL_FAST_MATH = YES;
				ONLY_ACTIVE_ARCH = YES;
				SDKROOT = iphoneos;
				SWIFT_ACTIVE_COMPILATION_CONDITIONS = "DEBUG $(inherited)";
				SWIFT_OPTIMIZATION_LEVEL = "-Onone";
			};
			name = Debug;
		};
		58C17A6E2E2DF2F200E96417 /* Release */ = {
			isa = XCBuildConfiguration;
			buildSettings = {
				ALWAYS_SEARCH_USER_PATHS = NO;
				ASSETCATALOG_COMPILER_GENERATE_SWIFT_ASSET_SYMBOL_EXTENSIONS = YES;
				CLANG_ANALYZER_NONNULL = YES;
				CLANG_ANALYZER_NUMBER_OBJECT_CONVERSION = YES_AGGRESSIVE;
				CLANG_CXX_LANGUAGE_STANDARD = "gnu++20";
				CLANG_ENABLE_MODULES = YES;
				CLANG_ENABLE_OBJC_ARC = YES;
				CLANG_ENABLE_OBJC_WEAK = YES;
				CLANG_WARN_BLOCK_CAPTURE_AUTORELEASING = YES;
				CLANG_WARN_BOOL_CONVERSION = YES;
				CLANG_WARN_COMMA = YES;
				CLANG_WARN_CONSTANT_CONVERSION = YES;
				CLANG_WARN_DEPRECATED_OBJC_IMPLEMENTATIONS = YES;
				CLANG_WARN_DIRECT_OBJC_ISA_USAGE = YES_ERROR;
				CLANG_WARN_DOCUMENTATION_COMMENTS = YES;
				CLANG_WARN_EMPTY_BODY = YES;
				CLANG_WARN_ENUM_CONVERSION = YES;
				CLANG_WARN_INFINITE_RECURSION = YES;
				CLANG_WARN_INT_CONVERSION = YES;
				CLANG_WARN_NON_LITERAL_NULL_CONVERSION = YES;
				CLANG_WARN_OBJC_IMPLICIT_RETAIN_SELF = YES;
				CLANG_WARN_OBJC_LITERAL_CONVERSION = YES;
				CLANG_WARN_OBJC_ROOT_CLASS = YES_ERROR;
				CLANG_WARN_QUOTED_INCLUDE_IN_FRAMEWORK_HEADER = YES;
				CLANG_WARN_RANGE_LOOP_ANALYSIS = YES;
				CLANG_WARN_STRICT_PROTOTYPES = YES;
				CLANG_WARN_SUSPICIOUS_MOVE = YES;
				CLANG_WARN_UNGUARDED_AVAILABILITY = YES_AGGRESSIVE;
				CLANG_WARN_UNREACHABLE_CODE = YES;
				CLANG_WARN__DUPLICATE_METHOD_MATCH = YES;
				COPY_PHASE_STRIP = NO;
				DEBUG_INFORMATION_FORMAT = "dwarf-with-dsym";
				ENABLE_NS_ASSERTIONS = NO;
				ENABLE_STRICT_OBJC_MSGSEND = YES;
				ENABLE_USER_SCRIPT_SANDBOXING = NO;
				GCC_C_LANGUAGE_STANDARD = gnu17;
				GCC_NO_COMMON_BLOCKS = YES;
				GCC_WARN_64_TO_32_BIT_CONVERSION = YES;
				GCC_WARN_ABOUT_RETURN_TYPE = YES_ERROR;
				GCC_WARN_UNDECLARED_SELECTOR = YES;
				GCC_WARN_UNINITIALIZED_AUTOS = YES_AGGRESSIVE;
				GCC_WARN_UNUSED_FUNCTION = YES;
				GCC_WARN_UNUSED_VARIABLE = YES;
				IPHONEOS_DEPLOYMENT_TARGET = 18.4;
				LOCALIZATION_PREFERS_STRING_CATALOGS = YES;
				MTL_ENABLE_DEBUG_INFO = NO;
				MTL_FAST_MATH = YES;
				SDKROOT = iphoneos;
				SWIFT_COMPILATION_MODE = wholemodule;
				VALIDATE_PRODUCT = YES;
			};
			name = Release;
		};
		58C17A702E2DF2F200E96417 /* Debug */ = {
			isa = XCBuildConfiguration;
			buildSettings = {
				ASSETCATALOG_COMPILER_APPICON_NAME = AppIcon;
				ASSETCATALOG_COMPILER_GLOBAL_ACCENT_COLOR_NAME = AccentColor;
				CODE_SIGN_STYLE = Automatic;
				CURRENT_PROJECT_VERSION = 1;
				ENABLE_PREVIEWS = YES;
				GENERATE_INFOPLIST_FILE = YES;
				INFOPLIST_KEY_UIApplicationSceneManifest_Generation = YES;
				INFOPLIST_KEY_UIApplicationSupportsIndirectInputEvents = YES;
				INFOPLIST_KEY_UILaunchScreen_Generation = YES;
				INFOPLIST_KEY_UISupportedInterfaceOrientations_iPad = "UIInterfaceOrientationPortrait UIInterfaceOrientationPortraitUpsideDown UIInterfaceOrientationLandscapeLeft UIInterfaceOrientationLandscapeRight";
				INFOPLIST_KEY_UISupportedInterfaceOrientations_iPhone = "UIInterfaceOrientationPortrait UIInterfaceOrientationLandscapeLeft UIInterfaceOrientationLandscapeRight";
				LD_RUNPATH_SEARCH_PATHS = (
					"$(inherited)",
					"@executable_path/Frameworks",
				);
				MARKETING_VERSION = 1.0;
				PRODUCT_BUNDLE_IDENTIFIER = com.kiwibank.interview.KBMobileBankingInterviewTest;
				PRODUCT_NAME = "$(TARGET_NAME)";
				SUPPORTED_PLATFORMS = "iphoneos iphonesimulator";
				SUPPORTS_MACCATALYST = NO;
				SUPPORTS_MAC_DESIGNED_FOR_IPHONE_IPAD = NO;
				SUPPORTS_XR_DESIGNED_FOR_IPHONE_IPAD = NO;
				SWIFT_EMIT_LOC_STRINGS = YES;
				SWIFT_VERSION = 5.0;
				TARGETED_DEVICE_FAMILY = 1;
			};
			name = Debug;
		};
		58C17A712E2DF2F200E96417 /* Release */ = {
			isa = XCBuildConfiguration;
			buildSettings = {
				ASSETCATALOG_COMPILER_APPICON_NAME = AppIcon;
				ASSETCATALOG_COMPILER_GLOBAL_ACCENT_COLOR_NAME = AccentColor;
				CODE_SIGN_STYLE = Automatic;
				CURRENT_PROJECT_VERSION = 1;
				ENABLE_PREVIEWS = YES;
				GENERATE_INFOPLIST_FILE = YES;
				INFOPLIST_KEY_UIApplicationSceneManifest_Generation = YES;
				INFOPLIST_KEY_UIApplicationSupportsIndirectInputEvents = YES;
				INFOPLIST_KEY_UILaunchScreen_Generation = YES;
				INFOPLIST_KEY_UISupportedInterfaceOrientations_iPad = "UIInterfaceOrientationPortrait UIInterfaceOrientationPortraitUpsideDown UIInterfaceOrientationLandscapeLeft UIInterfaceOrientationLandscapeRight";
				INFOPLIST_KEY_UISupportedInterfaceOrientations_iPhone = "UIInterfaceOrientationPortrait UIInterfaceOrientationLandscapeLeft UIInterfaceOrientationLandscapeRight";
				LD_RUNPATH_SEARCH_PATHS = (
					"$(inherited)",
					"@executable_path/Frameworks",
				);
				MARKETING_VERSION = 1.0;
				PRODUCT_BUNDLE_IDENTIFIER = com.kiwibank.interview.KBMobileBankingInterviewTest;
				PRODUCT_NAME = "$(TARGET_NAME)";
				SUPPORTED_PLATFORMS = "iphoneos iphonesimulator";
				SUPPORTS_MACCATALYST = NO;
				SUPPORTS_MAC_DESIGNED_FOR_IPHONE_IPAD = NO;
				SUPPORTS_XR_DESIGNED_FOR_IPHONE_IPAD = NO;
				SWIFT_EMIT_LOC_STRINGS = YES;
				SWIFT_VERSION = 5.0;
				TARGETED_DEVICE_FAMILY = 1;
			};
			name = Release;
		};
		58C17A732E2DF2F200E96417 /* Debug */ = {
			isa = XCBuildConfiguration;
			buildSettings = {
				BUNDLE_LOADER = "$(TEST_HOST)";
				CODE_SIGN_STYLE = Automatic;
				CURRENT_PROJECT_VERSION = 1;
				GENERATE_INFOPLIST_FILE = YES;
				IPHONEOS_DEPLOYMENT_TARGET = 18.4;
				MARKETING_VERSION = 1.0;
				PRODUCT_BUNDLE_IDENTIFIER = com.kiwibank.interview.KBMobileBankingInterviewTestTests;
				PRODUCT_NAME = "$(TARGET_NAME)";
				SWIFT_EMIT_LOC_STRINGS = NO;
				SWIFT_VERSION = 5.0;
				TARGETED_DEVICE_FAMILY = "1,2";
				TEST_HOST = "$(BUILT_PRODUCTS_DIR)/KBMobileBankingInterviewTest.app/$(BUNDLE_EXECUTABLE_FOLDER_PATH)/KBMobileBankingInterviewTest";
			};
			name = Debug;
		};
		58C17A742E2DF2F200E96417 /* Release */ = {
			isa = XCBuildConfiguration;
			buildSettings = {
				BUNDLE_LOADER = "$(TEST_HOST)";
				CODE_SIGN_STYLE = Automatic;
				CURRENT_PROJECT_VERSION = 1;
				GENERATE_INFOPLIST_FILE = YES;
				IPHONEOS_DEPLOYMENT_TARGET = 18.4;
				MARKETING_VERSION = 1.0;
				PRODUCT_BUNDLE_IDENTIFIER = com.kiwibank.interview.KBMobileBankingInterviewTestTests;
				PRODUCT_NAME = "$(TARGET_NAME)";
				SWIFT_EMIT_LOC_STRINGS = NO;
				SWIFT_VERSION = 5.0;
				TARGETED_DEVICE_FAMILY = "1,2";
				TEST_HOST = "$(BUILT_PRODUCTS_DIR)/KBMobileBankingInterviewTest.app/$(BUNDLE_EXECUTABLE_FOLDER_PATH)/KBMobileBankingInterviewTest";
			};
			name = Release;
		};
		58C17A762E2DF2F200E96417 /* Debug */ = {
			isa = XCBuildConfiguration;
			buildSettings = {
				CODE_SIGN_STYLE = Automatic;
				CURRENT_PROJECT_VERSION = 1;
				GENERATE_INFOPLIST_FILE = YES;
				MARKETING_VERSION = 1.0;
				PRODUCT_BUNDLE_IDENTIFIER = com.kiwibank.interview.KBMobileBankingInterviewTestUITests;
				PRODUCT_NAME = "$(TARGET_NAME)";
				SWIFT_EMIT_LOC_STRINGS = NO;
				SWIFT_VERSION = 5.0;
				TARGETED_DEVICE_FAMILY = "1,2";
				TEST_TARGET_NAME = KBMobileBankingInterviewTest;
			};
			name = Debug;
		};
		58C17A772E2DF2F200E96417 /* Release */ = {
			isa = XCBuildConfiguration;
			buildSettings = {
				CODE_SIGN_STYLE = Automatic;
				CURRENT_PROJECT_VERSION = 1;
				GENERATE_INFOPLIST_FILE = YES;
				MARKETING_VERSION = 1.0;
				PRODUCT_BUNDLE_IDENTIFIER = com.kiwibank.interview.KBMobileBankingInterviewTestUITests;
				PRODUCT_NAME = "$(TARGET_NAME)";
				SWIFT_EMIT_LOC_STRINGS = NO;
				SWIFT_VERSION = 5.0;
				TARGETED_DEVICE_FAMILY = "1,2";
				TEST_TARGET_NAME = KBMobileBankingInterviewTest;
			};
			name = Release;
		};
/* End XCBuildConfiguration section */

/* Begin XCConfigurationList section */
		58C17A492E2DF2F100E96417 /* Build configuration list for PBXProject "KBMobileBankingInterviewTest" */ = {
			isa = XCConfigurationList;
			buildConfigurations = (
				58C17A6D2E2DF2F200E96417 /* Debug */,
				58C17A6E2E2DF2F200E96417 /* Release */,
			);
			defaultConfigurationIsVisible = 0;
			defaultConfigurationName = Release;
		};
		58C17A6F2E2DF2F200E96417 /* Build configuration list for PBXNativeTarget "KBMobileBankingInterviewTest" */ = {
			isa = XCConfigurationList;
			buildConfigurations = (
				58C17A702E2DF2F200E96417 /* Debug */,
				58C17A712E2DF2F200E96417 /* Release */,
			);
			defaultConfigurationIsVisible = 0;
			defaultConfigurationName = Release;
		};
		58C17A722E2DF2F200E96417 /* Build configuration list for PBXNativeTarget "KBMobileBankingInterviewTestTests" */ = {
			isa = XCConfigurationList;
			buildConfigurations = (
				58C17A732E2DF2F200E96417 /* Debug */,
				58C17A742E2DF2F200E96417 /* Release */,
			);
			defaultConfigurationIsVisible = 0;
			defaultConfigurationName = Release;
		};
		58C17A752E2DF2F200E96417 /* Build configuration list for PBXNativeTarget "KBMobileBankingInterviewTestUITests" */ = {
			isa = XCConfigurationList;
			buildConfigurations = (
				58C17A762E2DF2F200E96417 /* Debug */,
				58C17A772E2DF2F200E96417 /* Release */,
			);
			defaultConfigurationIsVisible = 0;
			defaultConfigurationName = Release;
		};
/* End XCConfigurationList section */

/* Begin XCRemoteSwiftPackageReference section */
		844FFCB82E324ABB0032CF0E /* XCRemoteSwiftPackageReference "Swinject" */ = {
			isa = XCRemoteSwiftPackageReference;
			repositoryURL = "https://github.com/Swinject/Swinject.git";
			requirement = {
				kind = upToNextMajorVersion;
				minimumVersion = 2.9.1;
			};
		};
		844FFD0D2E324C700032CF0E /* XCRemoteSwiftPackageReference "SwiftLintPlugins" */ = {
			isa = XCRemoteSwiftPackageReference;
			repositoryURL = "https://github.com/SimplyDanny/SwiftLintPlugins";
			requirement = {
				kind = upToNextMajorVersion;
				minimumVersion = 0.59.1;
			};
		};
		844FFD1E2E3251C80032CF0E /* XCRemoteSwiftPackageReference "SwinjectAutoregistration" */ = {
			isa = XCRemoteSwiftPackageReference;
			repositoryURL = "https://github.com/Swinject/SwinjectAutoregistration.git";
			requirement = {
				kind = upToNextMajorVersion;
				minimumVersion = 2.9.1;
			};
		};
		849D8C042E339EFC00A7C19E /* XCRemoteSwiftPackageReference "ViewInspector" */ = {
			isa = XCRemoteSwiftPackageReference;
			repositoryURL = "https://github.com/nalexn/ViewInspector";
			requirement = {
				kind = upToNextMajorVersion;
				minimumVersion = 0.10.2;
			};
		};
/* End XCRemoteSwiftPackageReference section */

/* Begin XCSwiftPackageProductDependency section */
		844FFCB92E324ABB0032CF0E /* Swinject */ = {
			isa = XCSwiftPackageProductDependency;
			package = 844FFCB82E324ABB0032CF0E /* XCRemoteSwiftPackageReference "Swinject" */;
			productName = Swinject;
		};
		844FFD1F2E3251C80032CF0E /* SwinjectAutoregistration */ = {
			isa = XCSwiftPackageProductDependency;
			package = 844FFD1E2E3251C80032CF0E /* XCRemoteSwiftPackageReference "SwinjectAutoregistration" */;
			productName = SwinjectAutoregistration;
		};
		849D8C052E339EFC00A7C19E /* ViewInspector */ = {
			isa = XCSwiftPackageProductDependency;
			package = 849D8C042E339EFC00A7C19E /* XCRemoteSwiftPackageReference "ViewInspector" */;
			productName = ViewInspector;
		};
/* End XCSwiftPackageProductDependency section */
	};
	rootObject = 58C17A462E2DF2F100E96417 /* Project object */;
}
